
Microsoft Visual Studio Solution File, Format Version 12.00
# Visual Studio Version 17
VisualStudioVersion = 17.7.34009.444
MinimumVisualStudioVersion = 10.0.40219.1
Project("{FAE04EC0-301F-11D3-BF4B-00C04F79EFBC}") = "AplicativodeContratoPaypal", "AplicativodeContratoPaypal\AplicativodeContratoPaypal.csproj", "{C6C61AE7-1274-4784-A470-B5A1FB859B5B}"
EndProject
Global
	GlobalSection(SolutionConfigurationPlatforms) = preSolution
		Debug|Any CPU = Debug|Any CPU
		Release|Any CPU = Release|Any CPU
	EndGlobalSection
	GlobalSection(ProjectConfigurationPlatforms) = postSolution
		{C6C61AE7-1274-4784-A470-B5A1FB859B5B}.Debug|Any CPU.ActiveCfg = Debug|Any CPU
		{C6C61AE7-1274-4784-A470-B5A1FB859B5B}.Debug|Any CPU.Build.0 = Debug|Any CPU
		{C6C61AE7-1274-4784-A470-B5A1FB859B5B}.Release|Any CPU.ActiveCfg = Release|Any CPU
		{C6C61AE7-1274-4784-A470-B5A1FB859B5B}.Release|Any CPU.Build.0 = Release|Any CPU
	EndGlobalSection
	GlobalSection(SolutionProperties) = preSolution
		HideSolutionNode = FALSE
	EndGlobalSection
	GlobalSection(ExtensibilityGlobals) = postSolution
		SolutionGuid = {BF0FDB4E-D8C6-44E7-920C-CFC4E663A0F2}
	EndGlobalSection
EndGlobal
